
Microsoft Visual Studio Solution File, Format Version 12.00
# Visual Studio 2013
VisualStudioVersion = 12.0.31101.0
MinimumVisualStudioVersion = 10.0.40219.1
Project("{FAE04EC0-301F-11D3-BF4B-00C04F79EFBC}") = "Remembr", "Remembr\Remembr\Remembr.csproj", "{6E62CECA-3B5B-45A9-B88B-5EE1C66AB439}"
EndProject
Project("{FAE04EC0-301F-11D3-BF4B-00C04F79EFBC}") = "Remembr.iOS", "Remembr\Remembr.iOS\Remembr.iOS.csproj", "{164E868F-68E8-4312-AB44-86561FED1131}"
EndProject
Project("{FAE04EC0-301F-11D3-BF4B-00C04F79EFBC}") = "Remembr.Android", "Remembr\Remembr.Android\Remembr.Android.csproj", "{CCCFED29-485C-4BD2-8715-B24B6168C2CE}"
EndProject
Project("{FAE04EC0-301F-11D3-BF4B-00C04F79EFBC}") = "Remembr.Windows", "Remembr\Remembr.Windows\Remembr.Windows.csproj", "{D2F4A8C9-EAD5-4BA2-9749-F6A356BF12DB}"
EndProject
Project("{FAE04EC0-301F-11D3-BF4B-00C04F79EFBC}") = "Remembr.WindowsPhone", "Remembr.WindowsPhone\Remembr.WindowsPhone.csproj", "{175F28FF-DA28-4194-B8EF-5FA87E904BAB}"
EndProject
Global
	GlobalSection(SolutionConfigurationPlatforms) = preSolution
		Ad-Hoc|Any CPU = Ad-Hoc|Any CPU
		Ad-Hoc|ARM = Ad-Hoc|ARM
		Ad-Hoc|iPhone = Ad-Hoc|iPhone
		Ad-Hoc|iPhoneSimulator = Ad-Hoc|iPhoneSimulator
		Ad-Hoc|Mixed Platforms = Ad-Hoc|Mixed Platforms
		Ad-Hoc|x64 = Ad-Hoc|x64
		Ad-Hoc|x86 = Ad-Hoc|x86
		AppStore|Any CPU = AppStore|Any CPU
		AppStore|ARM = AppStore|ARM
		AppStore|iPhone = AppStore|iPhone
		AppStore|iPhoneSimulator = AppStore|iPhoneSimulator
		AppStore|Mixed Platforms = AppStore|Mixed Platforms
		AppStore|x64 = AppStore|x64
		AppStore|x86 = AppStore|x86
		Debug|Any CPU = Debug|Any CPU
		Debug|ARM = Debug|ARM
		Debug|iPhone = Debug|iPhone
		Debug|iPhoneSimulator = Debug|iPhoneSimulator
		Debug|Mixed Platforms = Debug|Mixed Platforms
		Debug|x64 = Debug|x64
		Debug|x86 = Debug|x86
		Release|Any CPU = Release|Any CPU
		Release|ARM = Release|ARM
		Release|iPhone = Release|iPhone
		Release|iPhoneSimulator = Release|iPhoneSimulator
		Release|Mixed Platforms = Release|Mixed Platforms
		Release|x64 = Release|x64
		Release|x86 = Release|x86
	EndGlobalSection
	GlobalSection(ProjectConfigurationPlatforms) = postSolution
		{6E62CECA-3B5B-45A9-B88B-5EE1C66AB439}.Ad-Hoc|Any CPU.ActiveCfg = Release|Any CPU
		{6E62CECA-3B5B-45A9-B88B-5EE1C66AB439}.Ad-Hoc|Any CPU.Build.0 = Release|Any CPU
		{6E62CECA-3B5B-45A9-B88B-5EE1C66AB439}.Ad-Hoc|ARM.ActiveCfg = Release|Any CPU
		{6E62CECA-3B5B-45A9-B88B-5EE1C66AB439}.Ad-Hoc|iPhone.ActiveCfg = Release|Any CPU
		{6E62CECA-3B5B-45A9-B88B-5EE1C66AB439}.Ad-Hoc|iPhoneSimulator.ActiveCfg = Release|Any CPU
		{6E62CECA-3B5B-45A9-B88B-5EE1C66AB439}.Ad-Hoc|Mixed Platforms.ActiveCfg = Release|Any CPU
		{6E62CECA-3B5B-45A9-B88B-5EE1C66AB439}.Ad-Hoc|Mixed Platforms.Build.0 = Release|Any CPU
		{6E62CECA-3B5B-45A9-B88B-5EE1C66AB439}.Ad-Hoc|x64.ActiveCfg = Release|Any CPU
		{6E62CECA-3B5B-45A9-B88B-5EE1C66AB439}.Ad-Hoc|x86.ActiveCfg = Release|Any CPU
		{6E62CECA-3B5B-45A9-B88B-5EE1C66AB439}.AppStore|Any CPU.ActiveCfg = Release|Any CPU
		{6E62CECA-3B5B-45A9-B88B-5EE1C66AB439}.AppStore|Any CPU.Build.0 = Release|Any CPU
		{6E62CECA-3B5B-45A9-B88B-5EE1C66AB439}.AppStore|ARM.ActiveCfg = Release|Any CPU
		{6E62CECA-3B5B-45A9-B88B-5EE1C66AB439}.AppStore|iPhone.ActiveCfg = Release|Any CPU
		{6E62CECA-3B5B-45A9-B88B-5EE1C66AB439}.AppStore|iPhoneSimulator.ActiveCfg = Release|Any CPU
		{6E62CECA-3B5B-45A9-B88B-5EE1C66AB439}.AppStore|Mixed Platforms.ActiveCfg = Release|Any CPU
		{6E62CECA-3B5B-45A9-B88B-5EE1C66AB439}.AppStore|Mixed Platforms.Build.0 = Release|Any CPU
		{6E62CECA-3B5B-45A9-B88B-5EE1C66AB439}.AppStore|x64.ActiveCfg = Release|Any CPU
		{6E62CECA-3B5B-45A9-B88B-5EE1C66AB439}.AppStore|x86.ActiveCfg = Release|Any CPU
		{6E62CECA-3B5B-45A9-B88B-5EE1C66AB439}.Debug|Any CPU.ActiveCfg = Debug|Any CPU
		{6E62CECA-3B5B-45A9-B88B-5EE1C66AB439}.Debug|Any CPU.Build.0 = Debug|Any CPU
		{6E62CECA-3B5B-45A9-B88B-5EE1C66AB439}.Debug|ARM.ActiveCfg = Debug|Any CPU
		{6E62CECA-3B5B-45A9-B88B-5EE1C66AB439}.Debug|iPhone.ActiveCfg = Debug|Any CPU
		{6E62CECA-3B5B-45A9-B88B-5EE1C66AB439}.Debug|iPhoneSimulator.ActiveCfg = Debug|Any CPU
		{6E62CECA-3B5B-45A9-B88B-5EE1C66AB439}.Debug|Mixed Platforms.ActiveCfg = Debug|Any CPU
		{6E62CECA-3B5B-45A9-B88B-5EE1C66AB439}.Debug|Mixed Platforms.Build.0 = Debug|Any CPU
		{6E62CECA-3B5B-45A9-B88B-5EE1C66AB439}.Debug|x64.ActiveCfg = Debug|Any CPU
		{6E62CECA-3B5B-45A9-B88B-5EE1C66AB439}.Debug|x86.ActiveCfg = Debug|Any CPU
		{6E62CECA-3B5B-45A9-B88B-5EE1C66AB439}.Release|Any CPU.ActiveCfg = Release|Any CPU
		{6E62CECA-3B5B-45A9-B88B-5EE1C66AB439}.Release|Any CPU.Build.0 = Release|Any CPU
		{6E62CECA-3B5B-45A9-B88B-5EE1C66AB439}.Release|ARM.ActiveCfg = Release|Any CPU
		{6E62CECA-3B5B-45A9-B88B-5EE1C66AB439}.Release|iPhone.ActiveCfg = Release|Any CPU
		{6E62CECA-3B5B-45A9-B88B-5EE1C66AB439}.Release|iPhoneSimulator.ActiveCfg = Release|Any CPU
		{6E62CECA-3B5B-45A9-B88B-5EE1C66AB439}.Release|Mixed Platforms.ActiveCfg = Release|Any CPU
		{6E62CECA-3B5B-45A9-B88B-5EE1C66AB439}.Release|Mixed Platforms.Build.0 = Release|Any CPU
		{6E62CECA-3B5B-45A9-B88B-5EE1C66AB439}.Release|x64.ActiveCfg = Release|Any CPU
		{6E62CECA-3B5B-45A9-B88B-5EE1C66AB439}.Release|x86.ActiveCfg = Release|Any CPU
		{164E868F-68E8-4312-AB44-86561FED1131}.Ad-Hoc|Any CPU.ActiveCfg = Ad-Hoc|iPhone
		{164E868F-68E8-4312-AB44-86561FED1131}.Ad-Hoc|ARM.ActiveCfg = Ad-Hoc|iPhone
		{164E868F-68E8-4312-AB44-86561FED1131}.Ad-Hoc|iPhone.ActiveCfg = Ad-Hoc|iPhone
		{164E868F-68E8-4312-AB44-86561FED1131}.Ad-Hoc|iPhone.Build.0 = Ad-Hoc|iPhone
		{164E868F-68E8-4312-AB44-86561FED1131}.Ad-Hoc|iPhoneSimulator.ActiveCfg = Ad-Hoc|iPhoneSimulator
		{164E868F-68E8-4312-AB44-86561FED1131}.Ad-Hoc|iPhoneSimulator.Build.0 = Ad-Hoc|iPhoneSimulator
		{164E868F-68E8-4312-AB44-86561FED1131}.Ad-Hoc|Mixed Platforms.ActiveCfg = Ad-Hoc|iPhone
		{164E868F-68E8-4312-AB44-86561FED1131}.Ad-Hoc|Mixed Platforms.Build.0 = Ad-Hoc|iPhone
		{164E868F-68E8-4312-AB44-86561FED1131}.Ad-Hoc|x64.ActiveCfg = Ad-Hoc|iPhone
		{164E868F-68E8-4312-AB44-86561FED1131}.Ad-Hoc|x86.ActiveCfg = Ad-Hoc|iPhone
		{164E868F-68E8-4312-AB44-86561FED1131}.AppStore|Any CPU.ActiveCfg = AppStore|iPhone
		{164E868F-68E8-4312-AB44-86561FED1131}.AppStore|ARM.ActiveCfg = AppStore|iPhone
		{164E868F-68E8-4312-AB44-86561FED1131}.AppStore|iPhone.ActiveCfg = AppStore|iPhone
		{164E868F-68E8-4312-AB44-86561FED1131}.AppStore|iPhone.Build.0 = AppStore|iPhone
		{164E868F-68E8-4312-AB44-86561FED1131}.AppStore|iPhoneSimulator.ActiveCfg = AppStore|iPhoneSimulator
		{164E868F-68E8-4312-AB44-86561FED1131}.AppStore|iPhoneSimulator.Build.0 = AppStore|iPhoneSimulator
		{164E868F-68E8-4312-AB44-86561FED1131}.AppStore|Mixed Platforms.ActiveCfg = AppStore|iPhone
		{164E868F-68E8-4312-AB44-86561FED1131}.AppStore|Mixed Platforms.Build.0 = AppStore|iPhone
		{164E868F-68E8-4312-AB44-86561FED1131}.AppStore|x64.ActiveCfg = AppStore|iPhone
		{164E868F-68E8-4312-AB44-86561FED1131}.AppStore|x86.ActiveCfg = AppStore|iPhone
		{164E868F-68E8-4312-AB44-86561FED1131}.Debug|Any CPU.ActiveCfg = Debug|iPhone
		{164E868F-68E8-4312-AB44-86561FED1131}.Debug|ARM.ActiveCfg = Debug|iPhone
		{164E868F-68E8-4312-AB44-86561FED1131}.Debug|iPhone.ActiveCfg = Debug|iPhone
		{164E868F-68E8-4312-AB44-86561FED1131}.Debug|iPhone.Build.0 = Debug|iPhone
		{164E868F-68E8-4312-AB44-86561FED1131}.Debug|iPhoneSimulator.ActiveCfg = Debug|iPhoneSimulator
		{164E868F-68E8-4312-AB44-86561FED1131}.Debug|iPhoneSimulator.Build.0 = Debug|iPhoneSimulator
		{164E868F-68E8-4312-AB44-86561FED1131}.Debug|Mixed Platforms.ActiveCfg = Debug|iPhone
		{164E868F-68E8-4312-AB44-86561FED1131}.Debug|Mixed Platforms.Build.0 = Debug|iPhone
		{164E868F-68E8-4312-AB44-86561FED1131}.Debug|x64.ActiveCfg = Debug|iPhone
		{164E868F-68E8-4312-AB44-86561FED1131}.Debug|x86.ActiveCfg = Debug|iPhone
		{164E868F-68E8-4312-AB44-86561FED1131}.Release|Any CPU.ActiveCfg = Release|iPhone
		{164E868F-68E8-4312-AB44-86561FED1131}.Release|ARM.ActiveCfg = Release|iPhone
		{164E868F-68E8-4312-AB44-86561FED1131}.Release|iPhone.ActiveCfg = Release|iPhone
		{164E868F-68E8-4312-AB44-86561FED1131}.Release|iPhone.Build.0 = Release|iPhone
		{164E868F-68E8-4312-AB44-86561FED1131}.Release|iPhoneSimulator.ActiveCfg = Release|iPhoneSimulator
		{164E868F-68E8-4312-AB44-86561FED1131}.Release|iPhoneSimulator.Build.0 = Release|iPhoneSimulator
		{164E868F-68E8-4312-AB44-86561FED1131}.Release|Mixed Platforms.ActiveCfg = Release|iPhone
		{164E868F-68E8-4312-AB44-86561FED1131}.Release|Mixed Platforms.Build.0 = Release|iPhone
		{164E868F-68E8-4312-AB44-86561FED1131}.Release|x64.ActiveCfg = Release|iPhone
		{164E868F-68E8-4312-AB44-86561FED1131}.Release|x86.ActiveCfg = Release|iPhone
		{CCCFED29-485C-4BD2-8715-B24B6168C2CE}.Ad-Hoc|Any CPU.ActiveCfg = Release|Any CPU
		{CCCFED29-485C-4BD2-8715-B24B6168C2CE}.Ad-Hoc|Any CPU.Build.0 = Release|Any CPU
		{CCCFED29-485C-4BD2-8715-B24B6168C2CE}.Ad-Hoc|Any CPU.Deploy.0 = Release|Any CPU
		{CCCFED29-485C-4BD2-8715-B24B6168C2CE}.Ad-Hoc|ARM.ActiveCfg = Release|Any CPU
		{CCCFED29-485C-4BD2-8715-B24B6168C2CE}.Ad-Hoc|iPhone.ActiveCfg = Release|Any CPU
		{CCCFED29-485C-4BD2-8715-B24B6168C2CE}.Ad-Hoc|iPhoneSimulator.ActiveCfg = Release|Any CPU
		{CCCFED29-485C-4BD2-8715-B24B6168C2CE}.Ad-Hoc|Mixed Platforms.ActiveCfg = Release|Any CPU
		{CCCFED29-485C-4BD2-8715-B24B6168C2CE}.Ad-Hoc|Mixed Platforms.Build.0 = Release|Any CPU
		{CCCFED29-485C-4BD2-8715-B24B6168C2CE}.Ad-Hoc|Mixed Platforms.Deploy.0 = Release|Any CPU
		{CCCFED29-485C-4BD2-8715-B24B6168C2CE}.Ad-Hoc|x64.ActiveCfg = Release|Any CPU
		{CCCFED29-485C-4BD2-8715-B24B6168C2CE}.Ad-Hoc|x86.ActiveCfg = Release|Any CPU
		{CCCFED29-485C-4BD2-8715-B24B6168C2CE}.AppStore|Any CPU.ActiveCfg = Release|Any CPU
		{CCCFED29-485C-4BD2-8715-B24B6168C2CE}.AppStore|Any CPU.Build.0 = Release|Any CPU
		{CCCFED29-485C-4BD2-8715-B24B6168C2CE}.AppStore|Any CPU.Deploy.0 = Release|Any CPU
		{CCCFED29-485C-4BD2-8715-B24B6168C2CE}.AppStore|ARM.ActiveCfg = Release|Any CPU
		{CCCFED29-485C-4BD2-8715-B24B6168C2CE}.AppStore|iPhone.ActiveCfg = Release|Any CPU
		{CCCFED29-485C-4BD2-8715-B24B6168C2CE}.AppStore|iPhoneSimulator.ActiveCfg = Release|Any CPU
		{CCCFED29-485C-4BD2-8715-B24B6168C2CE}.AppStore|Mixed Platforms.ActiveCfg = Release|Any CPU
		{CCCFED29-485C-4BD2-8715-B24B6168C2CE}.AppStore|Mixed Platforms.Build.0 = Release|Any CPU
		{CCCFED29-485C-4BD2-8715-B24B6168C2CE}.AppStore|Mixed Platforms.Deploy.0 = Release|Any CPU
		{CCCFED29-485C-4BD2-8715-B24B6168C2CE}.AppStore|x64.ActiveCfg = Release|Any CPU
		{CCCFED29-485C-4BD2-8715-B24B6168C2CE}.AppStore|x86.ActiveCfg = Release|Any CPU
		{CCCFED29-485C-4BD2-8715-B24B6168C2CE}.Debug|Any CPU.ActiveCfg = Debug|Any CPU
		{CCCFED29-485C-4BD2-8715-B24B6168C2CE}.Debug|Any CPU.Build.0 = Debug|Any CPU
		{CCCFED29-485C-4BD2-8715-B24B6168C2CE}.Debug|Any CPU.Deploy.0 = Debug|Any CPU
		{CCCFED29-485C-4BD2-8715-B24B6168C2CE}.Debug|ARM.ActiveCfg = Debug|Any CPU
		{CCCFED29-485C-4BD2-8715-B24B6168C2CE}.Debug|iPhone.ActiveCfg = Debug|Any CPU
		{CCCFED29-485C-4BD2-8715-B24B6168C2CE}.Debug|iPhoneSimulator.ActiveCfg = Debug|Any CPU
		{CCCFED29-485C-4BD2-8715-B24B6168C2CE}.Debug|Mixed Platforms.ActiveCfg = Debug|Any CPU
		{CCCFED29-485C-4BD2-8715-B24B6168C2CE}.Debug|Mixed Platforms.Build.0 = Debug|Any CPU
		{CCCFED29-485C-4BD2-8715-B24B6168C2CE}.Debug|Mixed Platforms.Deploy.0 = Debug|Any CPU
		{CCCFED29-485C-4BD2-8715-B24B6168C2CE}.Debug|x64.ActiveCfg = Debug|Any CPU
		{CCCFED29-485C-4BD2-8715-B24B6168C2CE}.Debug|x86.ActiveCfg = Debug|Any CPU
		{CCCFED29-485C-4BD2-8715-B24B6168C2CE}.Release|Any CPU.ActiveCfg = Release|Any CPU
		{CCCFED29-485C-4BD2-8715-B24B6168C2CE}.Release|Any CPU.Build.0 = Release|Any CPU
		{CCCFED29-485C-4BD2-8715-B24B6168C2CE}.Release|Any CPU.Deploy.0 = Release|Any CPU
		{CCCFED29-485C-4BD2-8715-B24B6168C2CE}.Release|ARM.ActiveCfg = Release|Any CPU
		{CCCFED29-485C-4BD2-8715-B24B6168C2CE}.Release|iPhone.ActiveCfg = Release|Any CPU
		{CCCFED29-485C-4BD2-8715-B24B6168C2CE}.Release|iPhoneSimulator.ActiveCfg = Release|Any CPU
		{CCCFED29-485C-4BD2-8715-B24B6168C2CE}.Release|Mixed Platforms.ActiveCfg = Release|Any CPU
		{CCCFED29-485C-4BD2-8715-B24B6168C2CE}.Release|Mixed Platforms.Build.0 = Release|Any CPU
		{CCCFED29-485C-4BD2-8715-B24B6168C2CE}.Release|Mixed Platforms.Deploy.0 = Release|Any CPU
		{CCCFED29-485C-4BD2-8715-B24B6168C2CE}.Release|x64.ActiveCfg = Release|Any CPU
		{CCCFED29-485C-4BD2-8715-B24B6168C2CE}.Release|x86.ActiveCfg = Release|Any CPU
		{D2F4A8C9-EAD5-4BA2-9749-F6A356BF12DB}.Ad-Hoc|Any CPU.ActiveCfg = Release|Any CPU
		{D2F4A8C9-EAD5-4BA2-9749-F6A356BF12DB}.Ad-Hoc|Any CPU.Build.0 = Release|Any CPU
		{D2F4A8C9-EAD5-4BA2-9749-F6A356BF12DB}.Ad-Hoc|Any CPU.Deploy.0 = Release|Any CPU
		{D2F4A8C9-EAD5-4BA2-9749-F6A356BF12DB}.Ad-Hoc|ARM.ActiveCfg = Release|ARM
		{D2F4A8C9-EAD5-4BA2-9749-F6A356BF12DB}.Ad-Hoc|ARM.Build.0 = Release|ARM
		{D2F4A8C9-EAD5-4BA2-9749-F6A356BF12DB}.Ad-Hoc|ARM.Deploy.0 = Release|ARM
		{D2F4A8C9-EAD5-4BA2-9749-F6A356BF12DB}.Ad-Hoc|iPhone.ActiveCfg = Release|Any CPU
		{D2F4A8C9-EAD5-4BA2-9749-F6A356BF12DB}.Ad-Hoc|iPhoneSimulator.ActiveCfg = Release|Any CPU
		{D2F4A8C9-EAD5-4BA2-9749-F6A356BF12DB}.Ad-Hoc|Mixed Platforms.ActiveCfg = Release|x86
		{D2F4A8C9-EAD5-4BA2-9749-F6A356BF12DB}.Ad-Hoc|Mixed Platforms.Build.0 = Release|x86
		{D2F4A8C9-EAD5-4BA2-9749-F6A356BF12DB}.Ad-Hoc|Mixed Platforms.Deploy.0 = Release|x86
		{D2F4A8C9-EAD5-4BA2-9749-F6A356BF12DB}.Ad-Hoc|x64.ActiveCfg = Release|x64
		{D2F4A8C9-EAD5-4BA2-9749-F6A356BF12DB}.Ad-Hoc|x64.Build.0 = Release|x64
		{D2F4A8C9-EAD5-4BA2-9749-F6A356BF12DB}.Ad-Hoc|x64.Deploy.0 = Release|x64
		{D2F4A8C9-EAD5-4BA2-9749-F6A356BF12DB}.Ad-Hoc|x86.ActiveCfg = Release|x86
		{D2F4A8C9-EAD5-4BA2-9749-F6A356BF12DB}.Ad-Hoc|x86.Build.0 = Release|x86
		{D2F4A8C9-EAD5-4BA2-9749-F6A356BF12DB}.Ad-Hoc|x86.Deploy.0 = Release|x86
		{D2F4A8C9-EAD5-4BA2-9749-F6A356BF12DB}.AppStore|Any CPU.ActiveCfg = Release|Any CPU
		{D2F4A8C9-EAD5-4BA2-9749-F6A356BF12DB}.AppStore|Any CPU.Build.0 = Release|Any CPU
		{D2F4A8C9-EAD5-4BA2-9749-F6A356BF12DB}.AppStore|Any CPU.Deploy.0 = Release|Any CPU
		{D2F4A8C9-EAD5-4BA2-9749-F6A356BF12DB}.AppStore|ARM.ActiveCfg = Release|ARM
		{D2F4A8C9-EAD5-4BA2-9749-F6A356BF12DB}.AppStore|ARM.Build.0 = Release|ARM
		{D2F4A8C9-EAD5-4BA2-9749-F6A356BF12DB}.AppStore|ARM.Deploy.0 = Release|ARM
		{D2F4A8C9-EAD5-4BA2-9749-F6A356BF12DB}.AppStore|iPhone.ActiveCfg = Release|Any CPU
		{D2F4A8C9-EAD5-4BA2-9749-F6A356BF12DB}.AppStore|iPhoneSimulator.ActiveCfg = Release|Any CPU
		{D2F4A8C9-EAD5-4BA2-9749-F6A356BF12DB}.AppStore|Mixed Platforms.ActiveCfg = Release|x86
		{D2F4A8C9-EAD5-4BA2-9749-F6A356BF12DB}.AppStore|Mixed Platforms.Build.0 = Release|x86
		{D2F4A8C9-EAD5-4BA2-9749-F6A356BF12DB}.AppStore|Mixed Platforms.Deploy.0 = Release|x86
		{D2F4A8C9-EAD5-4BA2-9749-F6A356BF12DB}.AppStore|x64.ActiveCfg = Release|x64
		{D2F4A8C9-EAD5-4BA2-9749-F6A356BF12DB}.AppStore|x64.Build.0 = Release|x64
		{D2F4A8C9-EAD5-4BA2-9749-F6A356BF12DB}.AppStore|x64.Deploy.0 = Release|x64
		{D2F4A8C9-EAD5-4BA2-9749-F6A356BF12DB}.AppStore|x86.ActiveCfg = Release|x86
		{D2F4A8C9-EAD5-4BA2-9749-F6A356BF12DB}.AppStore|x86.Build.0 = Release|x86
		{D2F4A8C9-EAD5-4BA2-9749-F6A356BF12DB}.AppStore|x86.Deploy.0 = Release|x86
		{D2F4A8C9-EAD5-4BA2-9749-F6A356BF12DB}.Debug|Any CPU.ActiveCfg = Debug|Any CPU
		{D2F4A8C9-EAD5-4BA2-9749-F6A356BF12DB}.Debug|Any CPU.Build.0 = Debug|Any CPU
		{D2F4A8C9-EAD5-4BA2-9749-F6A356BF12DB}.Debug|Any CPU.Deploy.0 = Debug|Any CPU
		{D2F4A8C9-EAD5-4BA2-9749-F6A356BF12DB}.Debug|ARM.ActiveCfg = Debug|ARM
		{D2F4A8C9-EAD5-4BA2-9749-F6A356BF12DB}.Debug|ARM.Build.0 = Debug|ARM
		{D2F4A8C9-EAD5-4BA2-9749-F6A356BF12DB}.Debug|ARM.Deploy.0 = Debug|ARM
		{D2F4A8C9-EAD5-4BA2-9749-F6A356BF12DB}.Debug|iPhone.ActiveCfg = Debug|Any CPU
		{D2F4A8C9-EAD5-4BA2-9749-F6A356BF12DB}.Debug|iPhoneSimulator.ActiveCfg = Debug|Any CPU
		{D2F4A8C9-EAD5-4BA2-9749-F6A356BF12DB}.Debug|Mixed Platforms.ActiveCfg = Debug|x86
		{D2F4A8C9-EAD5-4BA2-9749-F6A356BF12DB}.Debug|Mixed Platforms.Build.0 = Debug|x86
		{D2F4A8C9-EAD5-4BA2-9749-F6A356BF12DB}.Debug|Mixed Platforms.Deploy.0 = Debug|x86
		{D2F4A8C9-EAD5-4BA2-9749-F6A356BF12DB}.Debug|x64.ActiveCfg = Debug|x64
		{D2F4A8C9-EAD5-4BA2-9749-F6A356BF12DB}.Debug|x64.Build.0 = Debug|x64
		{D2F4A8C9-EAD5-4BA2-9749-F6A356BF12DB}.Debug|x64.Deploy.0 = Debug|x64
		{D2F4A8C9-EAD5-4BA2-9749-F6A356BF12DB}.Debug|x86.ActiveCfg = Debug|x86
		{D2F4A8C9-EAD5-4BA2-9749-F6A356BF12DB}.Debug|x86.Build.0 = Debug|x86
		{D2F4A8C9-EAD5-4BA2-9749-F6A356BF12DB}.Debug|x86.Deploy.0 = Debug|x86
		{D2F4A8C9-EAD5-4BA2-9749-F6A356BF12DB}.Release|Any CPU.ActiveCfg = Release|Any CPU
		{D2F4A8C9-EAD5-4BA2-9749-F6A356BF12DB}.Release|Any CPU.Build.0 = Release|Any CPU
		{D2F4A8C9-EAD5-4BA2-9749-F6A356BF12DB}.Release|Any CPU.Deploy.0 = Release|Any CPU
		{D2F4A8C9-EAD5-4BA2-9749-F6A356BF12DB}.Release|ARM.ActiveCfg = Release|ARM
		{D2F4A8C9-EAD5-4BA2-9749-F6A356BF12DB}.Release|ARM.Build.0 = Release|ARM
		{D2F4A8C9-EAD5-4BA2-9749-F6A356BF12DB}.Release|ARM.Deploy.0 = Release|ARM
		{D2F4A8C9-EAD5-4BA2-9749-F6A356BF12DB}.Release|iPhone.ActiveCfg = Release|Any CPU
		{D2F4A8C9-EAD5-4BA2-9749-F6A356BF12DB}.Release|iPhoneSimulator.ActiveCfg = Release|Any CPU
		{D2F4A8C9-EAD5-4BA2-9749-F6A356BF12DB}.Release|Mixed Platforms.ActiveCfg = Release|x86
		{D2F4A8C9-EAD5-4BA2-9749-F6A356BF12DB}.Release|Mixed Platforms.Build.0 = Release|x86
		{D2F4A8C9-EAD5-4BA2-9749-F6A356BF12DB}.Release|Mixed Platforms.Deploy.0 = Release|x86
		{D2F4A8C9-EAD5-4BA2-9749-F6A356BF12DB}.Release|x64.ActiveCfg = Release|x64
		{D2F4A8C9-EAD5-4BA2-9749-F6A356BF12DB}.Release|x64.Build.0 = Release|x64
		{D2F4A8C9-EAD5-4BA2-9749-F6A356BF12DB}.Release|x64.Deploy.0 = Release|x64
		{D2F4A8C9-EAD5-4BA2-9749-F6A356BF12DB}.Release|x86.ActiveCfg = Release|x86
		{D2F4A8C9-EAD5-4BA2-9749-F6A356BF12DB}.Release|x86.Build.0 = Release|x86
		{D2F4A8C9-EAD5-4BA2-9749-F6A356BF12DB}.Release|x86.Deploy.0 = Release|x86
		{175F28FF-DA28-4194-B8EF-5FA87E904BAB}.Ad-Hoc|Any CPU.ActiveCfg = Release|Any CPU
		{175F28FF-DA28-4194-B8EF-5FA87E904BAB}.Ad-Hoc|Any CPU.Build.0 = Release|Any CPU
		{175F28FF-DA28-4194-B8EF-5FA87E904BAB}.Ad-Hoc|Any CPU.Deploy.0 = Release|Any CPU
		{175F28FF-DA28-4194-B8EF-5FA87E904BAB}.Ad-Hoc|ARM.ActiveCfg = Release|ARM
		{175F28FF-DA28-4194-B8EF-5FA87E904BAB}.Ad-Hoc|ARM.Build.0 = Release|ARM
		{175F28FF-DA28-4194-B8EF-5FA87E904BAB}.Ad-Hoc|ARM.Deploy.0 = Release|ARM
		{175F28FF-DA28-4194-B8EF-5FA87E904BAB}.Ad-Hoc|iPhone.ActiveCfg = Release|Any CPU
		{175F28FF-DA28-4194-B8EF-5FA87E904BAB}.Ad-Hoc|iPhoneSimulator.ActiveCfg = Release|Any CPU
		{175F28FF-DA28-4194-B8EF-5FA87E904BAB}.Ad-Hoc|Mixed Platforms.ActiveCfg = Release|x86
		{175F28FF-DA28-4194-B8EF-5FA87E904BAB}.Ad-Hoc|Mixed Platforms.Build.0 = Release|x86
		{175F28FF-DA28-4194-B8EF-5FA87E904BAB}.Ad-Hoc|Mixed Platforms.Deploy.0 = Release|x86
		{175F28FF-DA28-4194-B8EF-5FA87E904BAB}.Ad-Hoc|x64.ActiveCfg = Release|Any CPU
		{175F28FF-DA28-4194-B8EF-5FA87E904BAB}.Ad-Hoc|x86.ActiveCfg = Release|x86
		{175F28FF-DA28-4194-B8EF-5FA87E904BAB}.Ad-Hoc|x86.Build.0 = Release|x86
		{175F28FF-DA28-4194-B8EF-5FA87E904BAB}.Ad-Hoc|x86.Deploy.0 = Release|x86
		{175F28FF-DA28-4194-B8EF-5FA87E904BAB}.AppStore|Any CPU.ActiveCfg = Release|Any CPU
		{175F28FF-DA28-4194-B8EF-5FA87E904BAB}.AppStore|Any CPU.Build.0 = Release|Any CPU
		{175F28FF-DA28-4194-B8EF-5FA87E904BAB}.AppStore|Any CPU.Deploy.0 = Release|Any CPU
		{175F28FF-DA28-4194-B8EF-5FA87E904BAB}.AppStore|ARM.ActiveCfg = Release|ARM
		{175F28FF-DA28-4194-B8EF-5FA87E904BAB}.AppStore|ARM.Build.0 = Release|ARM
		{175F28FF-DA28-4194-B8EF-5FA87E904BAB}.AppStore|ARM.Deploy.0 = Release|ARM
		{175F28FF-DA28-4194-B8EF-5FA87E904BAB}.AppStore|iPhone.ActiveCfg = Release|Any CPU
		{175F28FF-DA28-4194-B8EF-5FA87E904BAB}.AppStore|iPhoneSimulator.ActiveCfg = Release|Any CPU
		{175F28FF-DA28-4194-B8EF-5FA87E904BAB}.AppStore|Mixed Platforms.ActiveCfg = Release|x86
		{175F28FF-DA28-4194-B8EF-5FA87E904BAB}.AppStore|Mixed Platforms.Build.0 = Release|x86
		{175F28FF-DA28-4194-B8EF-5FA87E904BAB}.AppStore|Mixed Platforms.Deploy.0 = Release|x86
		{175F28FF-DA28-4194-B8EF-5FA87E904BAB}.AppStore|x64.ActiveCfg = Release|Any CPU
		{175F28FF-DA28-4194-B8EF-5FA87E904BAB}.AppStore|x86.ActiveCfg = Release|x86
		{175F28FF-DA28-4194-B8EF-5FA87E904BAB}.AppStore|x86.Build.0 = Release|x86
		{175F28FF-DA28-4194-B8EF-5FA87E904BAB}.AppStore|x86.Deploy.0 = Release|x86
		{175F28FF-DA28-4194-B8EF-5FA87E904BAB}.Debug|Any CPU.ActiveCfg = Debug|Any CPU
		{175F28FF-DA28-4194-B8EF-5FA87E904BAB}.Debug|Any CPU.Build.0 = Debug|Any CPU
		{175F28FF-DA28-4194-B8EF-5FA87E904BAB}.Debug|Any CPU.Deploy.0 = Debug|Any CPU
		{175F28FF-DA28-4194-B8EF-5FA87E904BAB}.Debug|ARM.ActiveCfg = Debug|ARM
		{175F28FF-DA28-4194-B8EF-5FA87E904BAB}.Debug|ARM.Build.0 = Debug|ARM
		{175F28FF-DA28-4194-B8EF-5FA87E904BAB}.Debug|ARM.Deploy.0 = Debug|ARM
		{175F28FF-DA28-4194-B8EF-5FA87E904BAB}.Debug|iPhone.ActiveCfg = Debug|Any CPU
		{175F28FF-DA28-4194-B8EF-5FA87E904BAB}.Debug|iPhoneSimulator.ActiveCfg = Debug|Any CPU
		{175F28FF-DA28-4194-B8EF-5FA87E904BAB}.Debug|Mixed Platforms.ActiveCfg = Debug|x86
		{175F28FF-DA28-4194-B8EF-5FA87E904BAB}.Debug|Mixed Platforms.Build.0 = Debug|x86
		{175F28FF-DA28-4194-B8EF-5FA87E904BAB}.Debug|Mixed Platforms.Deploy.0 = Debug|x86
		{175F28FF-DA28-4194-B8EF-5FA87E904BAB}.Debug|x64.ActiveCfg = Debug|Any CPU
		{175F28FF-DA28-4194-B8EF-5FA87E904BAB}.Debug|x86.ActiveCfg = Debug|x86
		{175F28FF-DA28-4194-B8EF-5FA87E904BAB}.Debug|x86.Build.0 = Debug|x86
		{175F28FF-DA28-4194-B8EF-5FA87E904BAB}.Debug|x86.Deploy.0 = Debug|x86
		{175F28FF-DA28-4194-B8EF-5FA87E904BAB}.Release|Any CPU.ActiveCfg = Release|Any CPU
		{175F28FF-DA28-4194-B8EF-5FA87E904BAB}.Release|Any CPU.Build.0 = Release|Any CPU
		{175F28FF-DA28-4194-B8EF-5FA87E904BAB}.Release|Any CPU.Deploy.0 = Release|Any CPU
		{175F28FF-DA28-4194-B8EF-5FA87E904BAB}.Release|ARM.ActiveCfg = Release|ARM
		{175F28FF-DA28-4194-B8EF-5FA87E904BAB}.Release|ARM.Build.0 = Release|ARM
		{175F28FF-DA28-4194-B8EF-5FA87E904BAB}.Release|ARM.Deploy.0 = Release|ARM
		{175F28FF-DA28-4194-B8EF-5FA87E904BAB}.Release|iPhone.ActiveCfg = Release|Any CPU
		{175F28FF-DA28-4194-B8EF-5FA87E904BAB}.Release|iPhoneSimulator.ActiveCfg = Release|Any CPU
		{175F28FF-DA28-4194-B8EF-5FA87E904BAB}.Release|Mixed Platforms.ActiveCfg = Release|x86
		{175F28FF-DA28-4194-B8EF-5FA87E904BAB}.Release|Mixed Platforms.Build.0 = Release|x86
		{175F28FF-DA28-4194-B8EF-5FA87E904BAB}.Release|Mixed Platforms.Deploy.0 = Release|x86
		{175F28FF-DA28-4194-B8EF-5FA87E904BAB}.Release|x64.ActiveCfg = Release|Any CPU
		{175F28FF-DA28-4194-B8EF-5FA87E904BAB}.Release|x86.ActiveCfg = Release|x86
		{175F28FF-DA28-4194-B8EF-5FA87E904BAB}.Release|x86.Build.0 = Release|x86
		{175F28FF-DA28-4194-B8EF-5FA87E904BAB}.Release|x86.Deploy.0 = Release|x86
	EndGlobalSection
	GlobalSection(SolutionProperties) = preSolution
		HideSolutionNode = FALSE
	EndGlobalSection
EndGlobal
